// !$*UTF8*$!
{
	archiveVersion = 1;
	classes = {
	};
	objectVersion = 51;
	objects = {

/* Begin PBXBuildFile section */
		6BB4818A3EC18E469495C567 /* Pods_Parstagram_ParstagramUITests.framework in Frameworks */ = {isa = PBXBuildFile; fileRef = 2940C9CE782A7347B462BF7A /* Pods_Parstagram_ParstagramUITests.framework */; };
		7830A71976C2442CA8DAEE0F /* Pods_ParstagramTests.framework in Frameworks */ = {isa = PBXBuildFile; fileRef = 8ADEEF424B106273DB12A8E9 /* Pods_ParstagramTests.framework */; };
		A48664A180E3EF35E7167ACB /* Pods_Parstagram.framework in Frameworks */ = {isa = PBXBuildFile; fileRef = 757D619D9D76CCD6DB5BB801 /* Pods_Parstagram.framework */; };
		E7F0CB892382489B00D76D4C /* AppDelegate.swift in Sources */ = {isa = PBXBuildFile; fileRef = E7F0CB882382489B00D76D4C /* AppDelegate.swift */; };
		E7F0CB8B2382489B00D76D4C /* SceneDelegate.swift in Sources */ = {isa = PBXBuildFile; fileRef = E7F0CB8A2382489B00D76D4C /* SceneDelegate.swift */; };
		E7F0CB902382489B00D76D4C /* Main.storyboard in Resources */ = {isa = PBXBuildFile; fileRef = E7F0CB8E2382489B00D76D4C /* Main.storyboard */; };
		E7F0CB92238248A200D76D4C /* Assets.xcassets in Resources */ = {isa = PBXBuildFile; fileRef = E7F0CB91238248A200D76D4C /* Assets.xcassets */; };
		E7F0CB95238248A200D76D4C /* LaunchScreen.storyboard in Resources */ = {isa = PBXBuildFile; fileRef = E7F0CB93238248A200D76D4C /* LaunchScreen.storyboard */; };
		E7F0CBA0238248A200D76D4C /* ParstagramTests.swift in Sources */ = {isa = PBXBuildFile; fileRef = E7F0CB9F238248A200D76D4C /* ParstagramTests.swift */; };
		E7F0CBAB238248A200D76D4C /* ParstagramUITests.swift in Sources */ = {isa = PBXBuildFile; fileRef = E7F0CBAA238248A200D76D4C /* ParstagramUITests.swift */; };
		E7F0CBBB2382554100D76D4C /* FeedViewController.swift in Sources */ = {isa = PBXBuildFile; fileRef = E7F0CBBA2382554100D76D4C /* FeedViewController.swift */; };
		E7F0CBBD238CF19C00D76D4C /* LoginViewController.swift in Sources */ = {isa = PBXBuildFile; fileRef = E7F0CBBC238CF19C00D76D4C /* LoginViewController.swift */; };
		E7F0CBBF238CFE0200D76D4C /* CameraViewController.swift in Sources */ = {isa = PBXBuildFile; fileRef = E7F0CBBE238CFE0200D76D4C /* CameraViewController.swift */; };
		E7F0CBC3238F3ACC00D76D4C /* PostCell.swift in Sources */ = {isa = PBXBuildFile; fileRef = E7F0CBC2238F3ACC00D76D4C /* PostCell.swift */; };
/* End PBXBuildFile section */

/* Begin PBXContainerItemProxy section */
		E7F0CB9C238248A200D76D4C /* PBXContainerItemProxy */ = {
			isa = PBXContainerItemProxy;
			containerPortal = E7F0CB7D2382489B00D76D4C /* Project object */;
			proxyType = 1;
			remoteGlobalIDString = E7F0CB842382489B00D76D4C;
			remoteInfo = Parstagram;
		};
		E7F0CBA7238248A200D76D4C /* PBXContainerItemProxy */ = {
			isa = PBXContainerItemProxy;
			containerPortal = E7F0CB7D2382489B00D76D4C /* Project object */;
			proxyType = 1;
			remoteGlobalIDString = E7F0CB842382489B00D76D4C;
			remoteInfo = Parstagram;
		};
/* End PBXContainerItemProxy section */

/* Begin PBXFileReference section */
		1ABF51A20DCB7FCB902926C7 /* Pods-Parstagram-ParstagramUITests.debug.xcconfig */ = {isa = PBXFileReference; includeInIndex = 1; lastKnownFileType = text.xcconfig; name = "Pods-Parstagram-ParstagramUITests.debug.xcconfig"; path = "Target Support Files/Pods-Parstagram-ParstagramUITests/Pods-Parstagram-ParstagramUITests.debug.xcconfig"; sourceTree = "<group>"; };
		2940C9CE782A7347B462BF7A /* Pods_Parstagram_ParstagramUITests.framework */ = {isa = PBXFileReference; explicitFileType = wrapper.framework; includeInIndex = 0; path = Pods_Parstagram_ParstagramUITests.framework; sourceTree = BUILT_PRODUCTS_DIR; };
		2F9D604AE8DE4A6F81FE9FDA /* Pods-Parstagram.debug.xcconfig */ = {isa = PBXFileReference; includeInIndex = 1; lastKnownFileType = text.xcconfig; name = "Pods-Parstagram.debug.xcconfig"; path = "Target Support Files/Pods-Parstagram/Pods-Parstagram.debug.xcconfig"; sourceTree = "<group>"; };
		3378A1B31CEC7817F03C34ED /* Pods-Parstagram-ParstagramUITests.release.xcconfig */ = {isa = PBXFileReference; includeInIndex = 1; lastKnownFileType = text.xcconfig; name = "Pods-Parstagram-ParstagramUITests.release.xcconfig"; path = "Target Support Files/Pods-Parstagram-ParstagramUITests/Pods-Parstagram-ParstagramUITests.release.xcconfig"; sourceTree = "<group>"; };
		757D619D9D76CCD6DB5BB801 /* Pods_Parstagram.framework */ = {isa = PBXFileReference; explicitFileType = wrapper.framework; includeInIndex = 0; path = Pods_Parstagram.framework; sourceTree = BUILT_PRODUCTS_DIR; };
		8ADEEF424B106273DB12A8E9 /* Pods_ParstagramTests.framework */ = {isa = PBXFileReference; explicitFileType = wrapper.framework; includeInIndex = 0; path = Pods_ParstagramTests.framework; sourceTree = BUILT_PRODUCTS_DIR; };
		98AC555AE54B91CB7703A1D0 /* Pods-ParstagramTests.debug.xcconfig */ = {isa = PBXFileReference; includeInIndex = 1; lastKnownFileType = text.xcconfig; name = "Pods-ParstagramTests.debug.xcconfig"; path = "Target Support Files/Pods-ParstagramTests/Pods-ParstagramTests.debug.xcconfig"; sourceTree = "<group>"; };
		C860BB4BA499C6CE06A2575C /* Pods-ParstagramTests.release.xcconfig */ = {isa = PBXFileReference; includeInIndex = 1; lastKnownFileType = text.xcconfig; name = "Pods-ParstagramTests.release.xcconfig"; path = "Target Support Files/Pods-ParstagramTests/Pods-ParstagramTests.release.xcconfig"; sourceTree = "<group>"; };
		CDF394ECE28A1C010C93A426 /* Pods-Parstagram.release.xcconfig */ = {isa = PBXFileReference; includeInIndex = 1; lastKnownFileType = text.xcconfig; name = "Pods-Parstagram.release.xcconfig"; path = "Target Support Files/Pods-Parstagram/Pods-Parstagram.release.xcconfig"; sourceTree = "<group>"; };
		E7F0CB852382489B00D76D4C /* Parstagram.app */ = {isa = PBXFileReference; explicitFileType = wrapper.application; includeInIndex = 0; path = Parstagram.app; sourceTree = BUILT_PRODUCTS_DIR; };
		E7F0CB882382489B00D76D4C /* AppDelegate.swift */ = {isa = PBXFileReference; lastKnownFileType = sourcecode.swift; path = AppDelegate.swift; sourceTree = "<group>"; };
		E7F0CB8A2382489B00D76D4C /* SceneDelegate.swift */ = {isa = PBXFileReference; lastKnownFileType = sourcecode.swift; path = SceneDelegate.swift; sourceTree = "<group>"; };
		E7F0CB8F2382489B00D76D4C /* Base */ = {isa = PBXFileReference; lastKnownFileType = file.storyboard; name = Base; path = Base.lproj/Main.storyboard; sourceTree = "<group>"; };
		E7F0CB91238248A200D76D4C /* Assets.xcassets */ = {isa = PBXFileReference; lastKnownFileType = folder.assetcatalog; path = Assets.xcassets; sourceTree = "<group>"; };
		E7F0CB94238248A200D76D4C /* Base */ = {isa = PBXFileReference; lastKnownFileType = file.storyboard; name = Base; path = Base.lproj/LaunchScreen.storyboard; sourceTree = "<group>"; };
		E7F0CB96238248A200D76D4C /* Info.plist */ = {isa = PBXFileReference; lastKnownFileType = text.plist.xml; path = Info.plist; sourceTree = "<group>"; };
		E7F0CB9B238248A200D76D4C /* ParstagramTests.xctest */ = {isa = PBXFileReference; explicitFileType = wrapper.cfbundle; includeInIndex = 0; path = ParstagramTests.xctest; sourceTree = BUILT_PRODUCTS_DIR; };
		E7F0CB9F238248A200D76D4C /* ParstagramTests.swift */ = {isa = PBXFileReference; lastKnownFileType = sourcecode.swift; path = ParstagramTests.swift; sourceTree = "<group>"; };
		E7F0CBA1238248A200D76D4C /* Info.plist */ = {isa = PBXFileReference; lastKnownFileType = text.plist.xml; path = Info.plist; sourceTree = "<group>"; };
		E7F0CBA6238248A200D76D4C /* ParstagramUITests.xctest */ = {isa = PBXFileReference; explicitFileType = wrapper.cfbundle; includeInIndex = 0; path = ParstagramUITests.xctest; sourceTree = BUILT_PRODUCTS_DIR; };
		E7F0CBAA238248A200D76D4C /* ParstagramUITests.swift */ = {isa = PBXFileReference; lastKnownFileType = sourcecode.swift; path = ParstagramUITests.swift; sourceTree = "<group>"; };
		E7F0CBAC238248A200D76D4C /* Info.plist */ = {isa = PBXFileReference; lastKnownFileType = text.plist.xml; path = Info.plist; sourceTree = "<group>"; };
		E7F0CBBA2382554100D76D4C /* FeedViewController.swift */ = {isa = PBXFileReference; lastKnownFileType = sourcecode.swift; path = FeedViewController.swift; sourceTree = "<group>"; };
		E7F0CBBC238CF19C00D76D4C /* LoginViewController.swift */ = {isa = PBXFileReference; lastKnownFileType = sourcecode.swift; path = LoginViewController.swift; sourceTree = "<group>"; };
		E7F0CBBE238CFE0200D76D4C /* CameraViewController.swift */ = {isa = PBXFileReference; lastKnownFileType = sourcecode.swift; path = CameraViewController.swift; sourceTree = "<group>"; };
		E7F0CBC2238F3ACC00D76D4C /* PostCell.swift */ = {isa = PBXFileReference; lastKnownFileType = sourcecode.swift; path = PostCell.swift; sourceTree = "<group>"; };
/* End PBXFileReference section */

/* Begin PBXFrameworksBuildPhase section */
		E7F0CB822382489B00D76D4C /* Frameworks */ = {
			isa = PBXFrameworksBuildPhase;
			buildActionMask = 2147483647;
			files = (
				A48664A180E3EF35E7167ACB /* Pods_Parstagram.framework in Frameworks */,
			);
			runOnlyForDeploymentPostprocessing = 0;
		};
		E7F0CB98238248A200D76D4C /* Frameworks */ = {
			isa = PBXFrameworksBuildPhase;
			buildActionMask = 2147483647;
			files = (
				7830A71976C2442CA8DAEE0F /* Pods_ParstagramTests.framework in Frameworks */,
			);
			runOnlyForDeploymentPostprocessing = 0;
		};
		E7F0CBA3238248A200D76D4C /* Frameworks */ = {
			isa = PBXFrameworksBuildPhase;
			buildActionMask = 2147483647;
			files = (
				6BB4818A3EC18E469495C567 /* Pods_Parstagram_ParstagramUITests.framework in Frameworks */,
			);
			runOnlyForDeploymentPostprocessing = 0;
		};
/* End PBXFrameworksBuildPhase section */

/* Begin PBXGroup section */
		27BA3995B1F7C6096EF23D67 /* Pods */ = {
			isa = PBXGroup;
			children = (
				2F9D604AE8DE4A6F81FE9FDA /* Pods-Parstagram.debug.xcconfig */,
				CDF394ECE28A1C010C93A426 /* Pods-Parstagram.release.xcconfig */,
				1ABF51A20DCB7FCB902926C7 /* Pods-Parstagram-ParstagramUITests.debug.xcconfig */,
				3378A1B31CEC7817F03C34ED /* Pods-Parstagram-ParstagramUITests.release.xcconfig */,
				98AC555AE54B91CB7703A1D0 /* Pods-ParstagramTests.debug.xcconfig */,
				C860BB4BA499C6CE06A2575C /* Pods-ParstagramTests.release.xcconfig */,
			);
			path = Pods;
			sourceTree = "<group>";
		};
		47FF949DC22AC358EE772DE3 /* Frameworks */ = {
			isa = PBXGroup;
			children = (
				757D619D9D76CCD6DB5BB801 /* Pods_Parstagram.framework */,
				2940C9CE782A7347B462BF7A /* Pods_Parstagram_ParstagramUITests.framework */,
				8ADEEF424B106273DB12A8E9 /* Pods_ParstagramTests.framework */,
			);
			name = Frameworks;
			sourceTree = "<group>";
		};
		E7F0CB7C2382489B00D76D4C = {
			isa = PBXGroup;
			children = (
				E7F0CB872382489B00D76D4C /* Parstagram */,
				E7F0CB9E238248A200D76D4C /* ParstagramTests */,
				E7F0CBA9238248A200D76D4C /* ParstagramUITests */,
				E7F0CB862382489B00D76D4C /* Products */,
				27BA3995B1F7C6096EF23D67 /* Pods */,
				47FF949DC22AC358EE772DE3 /* Frameworks */,
			);
			sourceTree = "<group>";
		};
		E7F0CB862382489B00D76D4C /* Products */ = {
			isa = PBXGroup;
			children = (
				E7F0CB852382489B00D76D4C /* Parstagram.app */,
				E7F0CB9B238248A200D76D4C /* ParstagramTests.xctest */,
				E7F0CBA6238248A200D76D4C /* ParstagramUITests.xctest */,
			);
			name = Products;
			sourceTree = "<group>";
		};
		E7F0CB872382489B00D76D4C /* Parstagram */ = {
			isa = PBXGroup;
			children = (
				E7F0CB882382489B00D76D4C /* AppDelegate.swift */,
				E7F0CB8A2382489B00D76D4C /* SceneDelegate.swift */,
				E7F0CB8E2382489B00D76D4C /* Main.storyboard */,
				E7F0CB91238248A200D76D4C /* Assets.xcassets */,
				E7F0CB93238248A200D76D4C /* LaunchScreen.storyboard */,
				E7F0CB96238248A200D76D4C /* Info.plist */,
				E7F0CBBA2382554100D76D4C /* FeedViewController.swift */,
				E7F0CBBC238CF19C00D76D4C /* LoginViewController.swift */,
				E7F0CBBE238CFE0200D76D4C /* CameraViewController.swift */,
				E7F0CBC2238F3ACC00D76D4C /* PostCell.swift */,
			);
			path = Parstagram;
			sourceTree = "<group>";
		};
		E7F0CB9E238248A200D76D4C /* ParstagramTests */ = {
			isa = PBXGroup;
			children = (
				E7F0CB9F238248A200D76D4C /* ParstagramTests.swift */,
				E7F0CBA1238248A200D76D4C /* Info.plist */,
			);
			path = ParstagramTests;
			sourceTree = "<group>";
		};
		E7F0CBA9238248A200D76D4C /* ParstagramUITests */ = {
			isa = PBXGroup;
			children = (
				E7F0CBAA238248A200D76D4C /* ParstagramUITests.swift */,
				E7F0CBAC238248A200D76D4C /* Info.plist */,
			);
			path = ParstagramUITests;
			sourceTree = "<group>";
		};
/* End PBXGroup section */

/* Begin PBXNativeTarget section */
		E7F0CB842382489B00D76D4C /* Parstagram */ = {
			isa = PBXNativeTarget;
			buildConfigurationList = E7F0CBAF238248A200D76D4C /* Build configuration list for PBXNativeTarget "Parstagram" */;
			buildPhases = (
				04FBBE2B530FEA076534B58E /* [CP] Check Pods Manifest.lock */,
				E7F0CB812382489B00D76D4C /* Sources */,
				E7F0CB822382489B00D76D4C /* Frameworks */,
				E7F0CB832382489B00D76D4C /* Resources */,
				5B1DE555A743C9E634C6675C /* [CP] Embed Pods Frameworks */,
			);
			buildRules = (
			);
			dependencies = (
			);
			name = Parstagram;
			productName = Parstagram;
			productReference = E7F0CB852382489B00D76D4C /* Parstagram.app */;
			productType = "com.apple.product-type.application";
		};
		E7F0CB9A238248A200D76D4C /* ParstagramTests */ = {
			isa = PBXNativeTarget;
			buildConfigurationList = E7F0CBB2238248A200D76D4C /* Build configuration list for PBXNativeTarget "ParstagramTests" */;
			buildPhases = (
				3DF06D6F24B4D8490F26B645 /* [CP] Check Pods Manifest.lock */,
				E7F0CB97238248A200D76D4C /* Sources */,
				E7F0CB98238248A200D76D4C /* Frameworks */,
				E7F0CB99238248A200D76D4C /* Resources */,
			);
			buildRules = (
			);
			dependencies = (
				E7F0CB9D238248A200D76D4C /* PBXTargetDependency */,
			);
			name = ParstagramTests;
			productName = ParstagramTests;
			productReference = E7F0CB9B238248A200D76D4C /* ParstagramTests.xctest */;
			productType = "com.apple.product-type.bundle.unit-test";
		};
		E7F0CBA5238248A200D76D4C /* ParstagramUITests */ = {
			isa = PBXNativeTarget;
			buildConfigurationList = E7F0CBB5238248A200D76D4C /* Build configuration list for PBXNativeTarget "ParstagramUITests" */;
			buildPhases = (
				4C05B8B3AA978265194373D9 /* [CP] Check Pods Manifest.lock */,
				E7F0CBA2238248A200D76D4C /* Sources */,
				E7F0CBA3238248A200D76D4C /* Frameworks */,
				E7F0CBA4238248A200D76D4C /* Resources */,
				59595E2A575D1999571844E8 /* [CP] Embed Pods Frameworks */,
			);
			buildRules = (
			);
			dependencies = (
				E7F0CBA8238248A200D76D4C /* PBXTargetDependency */,
			);
			name = ParstagramUITests;
			productName = ParstagramUITests;
			productReference = E7F0CBA6238248A200D76D4C /* ParstagramUITests.xctest */;
			productType = "com.apple.product-type.bundle.ui-testing";
		};
/* End PBXNativeTarget section */

/* Begin PBXProject section */
		E7F0CB7D2382489B00D76D4C /* Project object */ = {
			isa = PBXProject;
			attributes = {
				LastSwiftUpdateCheck = 1100;
				LastUpgradeCheck = 1100;
				ORGANIZATIONNAME = TatyanaCrute;
				TargetAttributes = {
					E7F0CB842382489B00D76D4C = {
						CreatedOnToolsVersion = 11.0;
					};
					E7F0CB9A238248A200D76D4C = {
						CreatedOnToolsVersion = 11.0;
						TestTargetID = E7F0CB842382489B00D76D4C;
					};
					E7F0CBA5238248A200D76D4C = {
						CreatedOnToolsVersion = 11.0;
						TestTargetID = E7F0CB842382489B00D76D4C;
					};
				};
			};
			buildConfigurationList = E7F0CB802382489B00D76D4C /* Build configuration list for PBXProject "Parstagram" */;
			compatibilityVersion = "Xcode 9.3";
			developmentRegion = en;
			hasScannedForEncodings = 0;
			knownRegions = (
				en,
				Base,
			);
			mainGroup = E7F0CB7C2382489B00D76D4C;
			productRefGroup = E7F0CB862382489B00D76D4C /* Products */;
			projectDirPath = "";
			projectRoot = "";
			targets = (
				E7F0CB842382489B00D76D4C /* Parstagram */,
				E7F0CB9A238248A200D76D4C /* ParstagramTests */,
				E7F0CBA5238248A200D76D4C /* ParstagramUITests */,
			);
		};
/* End PBXProject section */

/* Begin PBXResourcesBuildPhase section */
		E7F0CB832382489B00D76D4C /* Resources */ = {
			isa = PBXResourcesBuildPhase;
			buildActionMask = 2147483647;
			files = (
				E7F0CB95238248A200D76D4C /* LaunchScreen.storyboard in Resources */,
				E7F0CB92238248A200D76D4C /* Assets.xcassets in Resources */,
				E7F0CB902382489B00D76D4C /* Main.storyboard in Resources */,
			);
			runOnlyForDeploymentPostprocessing = 0;
		};
		E7F0CB99238248A200D76D4C /* Resources */ = {
			isa = PBXResourcesBuildPhase;
			buildActionMask = 2147483647;
			files = (
			);
			runOnlyForDeploymentPostprocessing = 0;
		};
		E7F0CBA4238248A200D76D4C /* Resources */ = {
			isa = PBXResourcesBuildPhase;
			buildActionMask = 2147483647;
			files = (
			);
			runOnlyForDeploymentPostprocessing = 0;
		};
/* End PBXResourcesBuildPhase section */

/* Begin PBXShellScriptBuildPhase section */
		04FBBE2B530FEA076534B58E /* [CP] Check Pods Manifest.lock */ = {
			isa = PBXShellScriptBuildPhase;
			buildActionMask = 2147483647;
			files = (
			);
			inputFileListPaths = (
			);
			inputPaths = (
				"${PODS_PODFILE_DIR_PATH}/Podfile.lock",
				"${PODS_ROOT}/Manifest.lock",
			);
			name = "[CP] Check Pods Manifest.lock";
			outputFileListPaths = (
			);
			outputPaths = (
				"$(DERIVED_FILE_DIR)/Pods-Parstagram-checkManifestLockResult.txt",
			);
			runOnlyForDeploymentPostprocessing = 0;
			shellPath = /bin/sh;
			shellScript = "diff \"${PODS_PODFILE_DIR_PATH}/Podfile.lock\" \"${PODS_ROOT}/Manifest.lock\" > /dev/null\nif [ $? != 0 ] ; then\n    # print error to STDERR\n    echo \"error: The sandbox is not in sync with the Podfile.lock. Run 'pod install' or update your CocoaPods installation.\" >&2\n    exit 1\nfi\n# This output is used by Xcode 'outputs' to avoid re-running this script phase.\necho \"SUCCESS\" > \"${SCRIPT_OUTPUT_FILE_0}\"\n";
			showEnvVarsInLog = 0;
		};
		3DF06D6F24B4D8490F26B645 /* [CP] Check Pods Manifest.lock */ = {
			isa = PBXShellScriptBuildPhase;
			buildActionMask = 2147483647;
			files = (
			);
			inputFileListPaths = (
			);
			inputPaths = (
				"${PODS_PODFILE_DIR_PATH}/Podfile.lock",
				"${PODS_ROOT}/Manifest.lock",
			);
			name = "[CP] Check Pods Manifest.lock";
			outputFileListPaths = (
			);
			outputPaths = (
				"$(DERIVED_FILE_DIR)/Pods-ParstagramTests-checkManifestLockResult.txt",
			);
			runOnlyForDeploymentPostprocessing = 0;
			shellPath = /bin/sh;
			shellScript = "diff \"${PODS_PODFILE_DIR_PATH}/Podfile.lock\" \"${PODS_ROOT}/Manifest.lock\" > /dev/null\nif [ $? != 0 ] ; then\n    # print error to STDERR\n    echo \"error: The sandbox is not in sync with the Podfile.lock. Run 'pod install' or update your CocoaPods installation.\" >&2\n    exit 1\nfi\n# This output is used by Xcode 'outputs' to avoid re-running this script phase.\necho \"SUCCESS\" > \"${SCRIPT_OUTPUT_FILE_0}\"\n";
			showEnvVarsInLog = 0;
		};
		4C05B8B3AA978265194373D9 /* [CP] Check Pods Manifest.lock */ = {
			isa = PBXShellScriptBuildPhase;
			buildActionMask = 2147483647;
			files = (
			);
			inputFileListPaths = (
			);
			inputPaths = (
				"${PODS_PODFILE_DIR_PATH}/Podfile.lock",
				"${PODS_ROOT}/Manifest.lock",
			);
			name = "[CP] Check Pods Manifest.lock";
			outputFileListPaths = (
			);
			outputPaths = (
				"$(DERIVED_FILE_DIR)/Pods-Parstagram-ParstagramUITests-checkManifestLockResult.txt",
			);
			runOnlyForDeploymentPostprocessing = 0;
			shellPath = /bin/sh;
			shellScript = "diff \"${PODS_PODFILE_DIR_PATH}/Podfile.lock\" \"${PODS_ROOT}/Manifest.lock\" > /dev/null\nif [ $? != 0 ] ; then\n    # print error to STDERR\n    echo \"error: The sandbox is not in sync with the Podfile.lock. Run 'pod install' or update your CocoaPods installation.\" >&2\n    exit 1\nfi\n# This output is used by Xcode 'outputs' to avoid re-running this script phase.\necho \"SUCCESS\" > \"${SCRIPT_OUTPUT_FILE_0}\"\n";
			showEnvVarsInLog = 0;
		};
		59595E2A575D1999571844E8 /* [CP] Embed Pods Frameworks */ = {
			isa = PBXShellScriptBuildPhase;
			buildActionMask = 2147483647;
			files = (
			);
			inputFileListPaths = (
				"${PODS_ROOT}/Target Support Files/Pods-Parstagram-ParstagramUITests/Pods-Parstagram-ParstagramUITests-frameworks-${CONFIGURATION}-input-files.xcfilelist",
			);
			name = "[CP] Embed Pods Frameworks";
			outputFileListPaths = (
				"${PODS_ROOT}/Target Support Files/Pods-Parstagram-ParstagramUITests/Pods-Parstagram-ParstagramUITests-frameworks-${CONFIGURATION}-output-files.xcfilelist",
			);
			runOnlyForDeploymentPostprocessing = 0;
			shellPath = /bin/sh;
			shellScript = "\"${PODS_ROOT}/Target Support Files/Pods-Parstagram-ParstagramUITests/Pods-Parstagram-ParstagramUITests-frameworks.sh\"\n";
			showEnvVarsInLog = 0;
		};
		5B1DE555A743C9E634C6675C /* [CP] Embed Pods Frameworks */ = {
			isa = PBXShellScriptBuildPhase;
			buildActionMask = 2147483647;
			files = (
			);
			inputFileListPaths = (
				"${PODS_ROOT}/Target Support Files/Pods-Parstagram/Pods-Parstagram-frameworks-${CONFIGURATION}-input-files.xcfilelist",
			);
			name = "[CP] Embed Pods Frameworks";
			outputFileListPaths = (
				"${PODS_ROOT}/Target Support Files/Pods-Parstagram/Pods-Parstagram-frameworks-${CONFIGURATION}-output-files.xcfilelist",
			);
			runOnlyForDeploymentPostprocessing = 0;
			shellPath = /bin/sh;
			shellScript = "\"${PODS_ROOT}/Target Support Files/Pods-Parstagram/Pods-Parstagram-frameworks.sh\"\n";
			showEnvVarsInLog = 0;
		};
/* End PBXShellScriptBuildPhase section */

/* Begin PBXSourcesBuildPhase section */
		E7F0CB812382489B00D76D4C /* Sources */ = {
			isa = PBXSourcesBuildPhase;
			buildActionMask = 2147483647;
			files = (
				E7F0CBBD238CF19C00D76D4C /* LoginViewController.swift in Sources */,
				E7F0CBBF238CFE0200D76D4C /* CameraViewController.swift in Sources */,
				E7F0CB892382489B00D76D4C /* AppDelegate.swift in Sources */,
				E7F0CBBB2382554100D76D4C /* FeedViewController.swift in Sources */,
				E7F0CB8B2382489B00D76D4C /* SceneDelegate.swift in Sources */,
				E7F0CBC3238F3ACC00D76D4C /* PostCell.swift in Sources */,
			);
			runOnlyForDeploymentPostprocessing = 0;
		};
		E7F0CB97238248A200D76D4C /* Sources */ = {
			isa = PBXSourcesBuildPhase;
			buildActionMask = 2147483647;
			files = (
				E7F0CBA0238248A200D76D4C /* ParstagramTests.swift in Sources */,
			);
			runOnlyForDeploymentPostprocessing = 0;
		};
		E7F0CBA2238248A200D76D4C /* Sources */ = {
			isa = PBXSourcesBuildPhase;
			buildActionMask = 2147483647;
			files = (
				E7F0CBAB238248A200D76D4C /* ParstagramUITests.swift in Sources */,
			);
			runOnlyForDeploymentPostprocessing = 0;
		};
/* End PBXSourcesBuildPhase section */

/* Begin PBXTargetDependency section */
		E7F0CB9D238248A200D76D4C /* PBXTargetDependency */ = {
			isa = PBXTargetDependency;
			target = E7F0CB842382489B00D76D4C /* Parstagram */;
			targetProxy = E7F0CB9C238248A200D76D4C /* PBXContainerItemProxy */;
		};
		E7F0CBA8238248A200D76D4C /* PBXTargetDependency */ = {
			isa = PBXTargetDependency;
			target = E7F0CB842382489B00D76D4C /* Parstagram */;
			targetProxy = E7F0CBA7238248A200D76D4C /* PBXContainerItemProxy */;
		};
/* End PBXTargetDependency section */

/* Begin PBXVariantGroup section */
		E7F0CB8E2382489B00D76D4C /* Main.storyboard */ = {
			isa = PBXVariantGroup;
			children = (
				E7F0CB8F2382489B00D76D4C /* Base */,
			);
			name = Main.storyboard;
			sourceTree = "<group>";
		};
		E7F0CB93238248A200D76D4C /* LaunchScreen.storyboard */ = {
			isa = PBXVariantGroup;
			children = (
				E7F0CB94238248A200D76D4C /* Base */,
			);
			name = LaunchScreen.storyboard;
			sourceTree = "<group>";
		};
/* End PBXVariantGroup section */

/* Begin XCBuildConfiguration section */
		E7F0CBAD238248A200D76D4C /* Debug */ = {
			isa = XCBuildConfiguration;
			buildSettings = {
				ALWAYS_SEARCH_USER_PATHS = NO;
				CLANG_ANALYZER_NONNULL = YES;
				CLANG_ANALYZER_NUMBER_OBJECT_CONVERSION = YES_AGGRESSIVE;
				CLANG_CXX_LANGUAGE_STANDARD = "gnu++14";
				CLANG_CXX_LIBRARY = "libc++";
				CLANG_ENABLE_MODULES = YES;
				CLANG_ENABLE_OBJC_ARC = YES;
				CLANG_ENABLE_OBJC_WEAK = YES;
				CLANG_WARN_BLOCK_CAPTURE_AUTORELEASING = YES;
				CLANG_WARN_BOOL_CONVERSION = YES;
				CLANG_WARN_COMMA = YES;
				CLANG_WARN_CONSTANT_CONVERSION = YES;
				CLANG_WARN_DEPRECATED_OBJC_IMPLEMENTATIONS = YES;
				CLANG_WARN_DIRECT_OBJC_ISA_USAGE = YES_ERROR;
				CLANG_WARN_DOCUMENTATION_COMMENTS = YES;
				CLANG_WARN_EMPTY_BODY = YES;
				CLANG_WARN_ENUM_CONVERSION = YES;
				CLANG_WARN_INFINITE_RECURSION = YES;
				CLANG_WARN_INT_CONVERSION = YES;
				CLANG_WARN_NON_LITERAL_NULL_CONVERSION = YES;
				CLANG_WARN_OBJC_IMPLICIT_RETAIN_SELF = YES;
				CLANG_WARN_OBJC_LITERAL_CONVERSION = YES;
				CLANG_WARN_OBJC_ROOT_CLASS = YES_ERROR;
				CLANG_WARN_RANGE_LOOP_ANALYSIS = YES;
				CLANG_WARN_STRICT_PROTOTYPES = YES;
				CLANG_WARN_SUSPICIOUS_MOVE = YES;
				CLANG_WARN_UNGUARDED_AVAILABILITY = YES_AGGRESSIVE;
				CLANG_WARN_UNREACHABLE_CODE = YES;
				CLANG_WARN__DUPLICATE_METHOD_MATCH = YES;
				COPY_PHASE_STRIP = NO;
				DEBUG_INFORMATION_FORMAT = dwarf;
				ENABLE_STRICT_OBJC_MSGSEND = YES;
				ENABLE_TESTABILITY = YES;
				GCC_C_LANGUAGE_STANDARD = gnu11;
				GCC_DYNAMIC_NO_PIC = NO;
				GCC_NO_COMMON_BLOCKS = YES;
				GCC_OPTIMIZATION_LEVEL = 0;
				GCC_PREPROCESSOR_DEFINITIONS = (
					"DEBUG=1",
					"$(inherited)",
				);
				GCC_WARN_64_TO_32_BIT_CONVERSION = YES;
				GCC_WARN_ABOUT_RETURN_TYPE = YES_ERROR;
				GCC_WARN_UNDECLARED_SELECTOR = YES;
				GCC_WARN_UNINITIALIZED_AUTOS = YES_AGGRESSIVE;
				GCC_WARN_UNUSED_FUNCTION = YES;
				GCC_WARN_UNUSED_VARIABLE = YES;
				IPHONEOS_DEPLOYMENT_TARGET = 13.0;
				MTL_ENABLE_DEBUG_INFO = INCLUDE_SOURCE;
				MTL_FAST_MATH = YES;
				ONLY_ACTIVE_ARCH = YES;
				SDKROOT = iphoneos;
				SWIFT_ACTIVE_COMPILATION_CONDITIONS = DEBUG;
				SWIFT_OPTIMIZATION_LEVEL = "-Onone";
			};
			name = Debug;
		};
		E7F0CBAE238248A200D76D4C /* Release */ = {
			isa = XCBuildConfiguration;
			buildSettings = {
				ALWAYS_SEARCH_USER_PATHS = NO;
				CLANG_ANALYZER_NONNULL = YES;
				CLANG_ANALYZER_NUMBER_OBJECT_CONVERSION = YES_AGGRESSIVE;
				CLANG_CXX_LANGUAGE_STANDARD = "gnu++14";
				CLANG_CXX_LIBRARY = "libc++";
				CLANG_ENABLE_MODULES = YES;
				CLANG_ENABLE_OBJC_ARC = YES;
				CLANG_ENABLE_OBJC_WEAK = YES;
				CLANG_WARN_BLOCK_CAPTURE_AUTORELEASING = YES;
				CLANG_WARN_BOOL_CONVERSION = YES;
				CLANG_WARN_COMMA = YES;
				CLANG_WARN_CONSTANT_CONVERSION = YES;
				CLANG_WARN_DEPRECATED_OBJC_IMPLEMENTATIONS = YES;
				CLANG_WARN_DIRECT_OBJC_ISA_USAGE = YES_ERROR;
				CLANG_WARN_DOCUMENTATION_COMMENTS = YES;
				CLANG_WARN_EMPTY_BODY = YES;
				CLANG_WARN_ENUM_CONVERSION = YES;
				CLANG_WARN_INFINITE_RECURSION = YES;
				CLANG_WARN_INT_CONVERSION = YES;
				CLANG_WARN_NON_LITERAL_NULL_CONVERSION = YES;
				CLANG_WARN_OBJC_IMPLICIT_RETAIN_SELF = YES;
				CLANG_WARN_OBJC_LITERAL_CONVERSION = YES;
				CLANG_WARN_OBJC_ROOT_CLASS = YES_ERROR;
				CLANG_WARN_RANGE_LOOP_ANALYSIS = YES;
				CLANG_WARN_STRICT_PROTOTYPES = YES;
				CLANG_WARN_SUSPICIOUS_MOVE = YES;
				CLANG_WARN_UNGUARDED_AVAILABILITY = YES_AGGRESSIVE;
				CLANG_WARN_UNREACHABLE_CODE = YES;
				CLANG_WARN__DUPLICATE_METHOD_MATCH = YES;
				COPY_PHASE_STRIP = NO;
				DEBUG_INFORMATION_FORMAT = "dwarf-with-dsym";
				ENABLE_NS_ASSERTIONS = NO;
				ENABLE_STRICT_OBJC_MSGSEND = YES;
				GCC_C_LANGUAGE_STANDARD = gnu11;
				GCC_NO_COMMON_BLOCKS = YES;
				GCC_WARN_64_TO_32_BIT_CONVERSION = YES;
				GCC_WARN_ABOUT_RETURN_TYPE = YES_ERROR;
				GCC_WARN_UNDECLARED_SELECTOR = YES;
				GCC_WARN_UNINITIALIZED_AUTOS = YES_AGGRESSIVE;
				GCC_WARN_UNUSED_FUNCTION = YES;
				GCC_WARN_UNUSED_VARIABLE = YES;
				IPHONEOS_DEPLOYMENT_TARGET = 13.0;
				MTL_ENABLE_DEBUG_INFO = NO;
				MTL_FAST_MATH = YES;
				SDKROOT = iphoneos;
				SWIFT_COMPILATION_MODE = wholemodule;
				SWIFT_OPTIMIZATION_LEVEL = "-O";
				VALIDATE_PRODUCT = YES;
			};
			name = Release;
		};
		E7F0CBB0238248A200D76D4C /* Debug */ = {
			isa = XCBuildConfiguration;
			baseConfigurationReference = 2F9D604AE8DE4A6F81FE9FDA /* Pods-Parstagram.debug.xcconfig */;
			buildSettings = {
				ASSETCATALOG_COMPILER_APPICON_NAME = AppIcon;
				CODE_SIGN_STYLE = Automatic;
				INFOPLIST_FILE = Parstagram/Info.plist;
				LD_RUNPATH_SEARCH_PATHS = (
					"$(inherited)",
					"@executable_path/Frameworks",
				);
				PRODUCT_BUNDLE_IDENTIFIER = "Taty-s.Parstagram";
				PRODUCT_NAME = "$(TARGET_NAME)";
				SWIFT_VERSION = 5.0;
				TARGETED_DEVICE_FAMILY = "1,2";
			};
			name = Debug;
		};
		E7F0CBB1238248A200D76D4C /* Release */ = {
			isa = XCBuildConfiguration;
			baseConfigurationReference = CDF394ECE28A1C010C93A426 /* Pods-Parstagram.release.xcconfig */;
			buildSettings = {
				ASSETCATALOG_COMPILER_APPICON_NAME = AppIcon;
				CODE_SIGN_STYLE = Automatic;
				INFOPLIST_FILE = Parstagram/Info.plist;
				LD_RUNPATH_SEARCH_PATHS = (
					"$(inherited)",
					"@executable_path/Frameworks",
				);
				PRODUCT_BUNDLE_IDENTIFIER = "Taty-s.Parstagram";
				PRODUCT_NAME = "$(TARGET_NAME)";
				SWIFT_VERSION = 5.0;
				TARGETED_DEVICE_FAMILY = "1,2";
			};
			name = Release;
		};
		E7F0CBB3238248A200D76D4C /* Debug */ = {
			isa = XCBuildConfiguration;
			baseConfigurationReference = 98AC555AE54B91CB7703A1D0 /* Pods-ParstagramTests.debug.xcconfig */;
			buildSettings = {
				ALWAYS_EMBED_SWIFT_STANDARD_LIBRARIES = YES;
				BUNDLE_LOADER = "$(TEST_HOST)";
				CODE_SIGN_STYLE = Automatic;
				INFOPLIST_FILE = ParstagramTests/Info.plist;
				IPHONEOS_DEPLOYMENT_TARGET = 13.0;
				LD_RUNPATH_SEARCH_PATHS = (
					"$(inherited)",
					"@executable_path/Frameworks",
					"@loader_path/Frameworks",
				);
				PRODUCT_BUNDLE_IDENTIFIER = "Taty-s.ParstagramTests";
				PRODUCT_NAME = "$(TARGET_NAME)";
				SWIFT_VERSION = 5.0;
				TARGETED_DEVICE_FAMILY = "1,2";
				TEST_HOST = "$(BUILT_PRODUCTS_DIR)/Parstagram.app/Parstagram";
			};
			name = Debug;
		};
		E7F0CBB4238248A200D76D4C /* Release */ = {
			isa = XCBuildConfiguration;
			baseConfigurationReference = C860BB4BA499C6CE06A2575C /* Pods-ParstagramTests.release.xcconfig */;
			buildSettings = {
				ALWAYS_EMBED_SWIFT_STANDARD_LIBRARIES = YES;
				BUNDLE_LOADER = "$(TEST_HOST)";
				CODE_SIGN_STYLE = Automatic;
				INFOPLIST_FILE = ParstagramTests/Info.plist;
				IPHONEOS_DEPLOYMENT_TARGET = 13.0;
				LD_RUNPATH_SEARCH_PATHS = (
					"$(inherited)",
					"@executable_path/Frameworks",
					"@loader_path/Frameworks",
				);
				PRODUCT_BUNDLE_IDENTIFIER = "Taty-s.ParstagramTests";
				PRODUCT_NAME = "$(TARGET_NAME)";
				SWIFT_VERSION = 5.0;
				TARGETED_DEVICE_FAMILY = "1,2";
				TEST_HOST = "$(BUILT_PRODUCTS_DIR)/Parstagram.app/Parstagram";
			};
			name = Release;
		};
		E7F0CBB6238248A200D76D4C /* Debug */ = {
			isa = XCBuildConfiguration;
			baseConfigurationReference = 1ABF51A20DCB7FCB902926C7 /* Pods-Parstagram-ParstagramUITests.debug.xcconfig */;
			buildSettings = {
				ALWAYS_EMBED_SWIFT_STANDARD_LIBRARIES = YES;
				CODE_SIGN_STYLE = Automatic;
				INFOPLIST_FILE = ParstagramUITests/Info.plist;
				LD_RUNPATH_SEARCH_PATHS = (
					"$(inherited)",
					"@executable_path/Frameworks",
					"@loader_path/Frameworks",
				);
				PRODUCT_BUNDLE_IDENTIFIER = "Taty-s.ParstagramUITests";
				PRODUCT_NAME = "$(TARGET_NAME)";
				SWIFT_VERSION = 5.0;
				TARGETED_DEVICE_FAMILY = "1,2";
				TEST_TARGET_NAME = Parstagram;
			};
			name = Debug;
		};
		E7F0CBB7238248A200D76D4C /* Release */ = {
			isa = XCBuildConfiguration;
			baseConfigurationReference = 3378A1B31CEC7817F03C34ED /* Pods-Parstagram-ParstagramUITests.release.xcconfig */;
			buildSettings = {
				ALWAYS_EMBED_SWIFT_STANDARD_LIBRARIES = YES;
				CODE_SIGN_STYLE = Automatic;
				INFOPLIST_FILE = ParstagramUITests/Info.plist;
				LD_RUNPATH_SEARCH_PATHS = (
					"$(inherited)",
					"@executable_path/Frameworks",
					"@loader_path/Frameworks",
				);
				PRODUCT_BUNDLE_IDENTIFIER = "Taty-s.ParstagramUITests";
				PRODUCT_NAME = "$(TARGET_NAME)";
				SWIFT_VERSION = 5.0;
				TARGETED_DEVICE_FAMILY = "1,2";
				TEST_TARGET_NAME = Parstagram;
			};
			name = Release;
		};
/* End XCBuildConfiguration section */

/* Begin XCConfigurationList section */
		E7F0CB802382489B00D76D4C /* Build configuration list for PBXProject "Parstagram" */ = {
			isa = XCConfigurationList;
			buildConfigurations = (
				E7F0CBAD238248A200D76D4C /* Debug */,
				E7F0CBAE238248A200D76D4C /* Release */,
			);
			defaultConfigurationIsVisible = 0;
			defaultConfigurationName = Release;
		};
		E7F0CBAF238248A200D76D4C /* Build configuration list for PBXNativeTarget "Parstagram" */ = {
			isa = XCConfigurationList;
			buildConfigurations = (
				E7F0CBB0238248A200D76D4C /* Debug */,
				E7F0CBB1238248A200D76D4C /* Release */,
			);
			defaultConfigurationIsVisible = 0;
			defaultConfigurationName = Release;
		};
		E7F0CBB2238248A200D76D4C /* Build configuration list for PBXNativeTarget "ParstagramTests" */ = {
			isa = XCConfigurationList;
			buildConfigurations = (
				E7F0CBB3238248A200D76D4C /* Debug */,
				E7F0CBB4238248A200D76D4C /* Release */,
			);
			defaultConfigurationIsVisible = 0;
			defaultConfigurationName = Release;
		};
		E7F0CBB5238248A200D76D4C /* Build configuration list for PBXNativeTarget "ParstagramUITests" */ = {
			isa = XCConfigurationList;
			buildConfigurations = (
				E7F0CBB6238248A200D76D4C /* Debug */,
				E7F0CBB7238248A200D76D4C /* Release */,
			);
			defaultConfigurationIsVisible = 0;
			defaultConfigurationName = Release;
		};
/* End XCConfigurationList section */
	};
	rootObject = E7F0CB7D2382489B00D76D4C /* Project object */;
}
